// !$*UTF8*$!
{
	archiveVersion = 1;
	classes = {
	};
	objectVersion = 48;
	objects = {

/* Begin PBXBuildFile section */
		690205E920C5329C00535AFB /* AppDelegate.swift in Sources */ = {isa = PBXBuildFile; fileRef = 690205E820C5329C00535AFB /* AppDelegate.swift */; };
		6902060020C5329D00535AFB /* capgeminiFactsTests.swift in Sources */ = {isa = PBXBuildFile; fileRef = 690205FF20C5329D00535AFB /* capgeminiFactsTests.swift */; };
		6902060B20C5329D00535AFB /* capgeminiFactsUITests.swift in Sources */ = {isa = PBXBuildFile; fileRef = 6902060A20C5329D00535AFB /* capgeminiFactsUITests.swift */; };
		6902062020C535A100535AFB /* LaunchScreen.storyboard in Resources */ = {isa = PBXBuildFile; fileRef = 6902061B20C535A100535AFB /* LaunchScreen.storyboard */; };
		6902063720C535CA00535AFB /* FactDetailViewController.swift in Sources */ = {isa = PBXBuildFile; fileRef = 6902062520C535CA00535AFB /* FactDetailViewController.swift */; };
		6902063820C535CA00535AFB /* Main.storyboard in Resources */ = {isa = PBXBuildFile; fileRef = 6902062620C535CA00535AFB /* Main.storyboard */; };
		6902063920C535CA00535AFB /* FactsViewController.swift in Sources */ = {isa = PBXBuildFile; fileRef = 6902062720C535CA00535AFB /* FactsViewController.swift */; };
		6902063A20C535CA00535AFB /* Constants.swift in Sources */ = {isa = PBXBuildFile; fileRef = 6902062920C535CA00535AFB /* Constants.swift */; };
		6902063B20C535CA00535AFB /* FactWebservice.swift in Sources */ = {isa = PBXBuildFile; fileRef = 6902062B20C535CA00535AFB /* FactWebservice.swift */; };
		6902063C20C535CA00535AFB /* String+URLRequest.swift in Sources */ = {isa = PBXBuildFile; fileRef = 6902062D20C535CA00535AFB /* String+URLRequest.swift */; };
		6902063D20C535CA00535AFB /* ViewExtensions.swift in Sources */ = {isa = PBXBuildFile; fileRef = 6902062E20C535CA00535AFB /* ViewExtensions.swift */; };
		6902063E20C535CA00535AFB /* Fact.swift in Sources */ = {isa = PBXBuildFile; fileRef = 6902063020C535CA00535AFB /* Fact.swift */; };
		6902063F20C535CA00535AFB /* FactCellViewModel.swift in Sources */ = {isa = PBXBuildFile; fileRef = 6902063220C535CA00535AFB /* FactCellViewModel.swift */; };
		6902064020C535CA00535AFB /* FactViewModel.swift in Sources */ = {isa = PBXBuildFile; fileRef = 6902063320C535CA00535AFB /* FactViewModel.swift */; };
		6902064120C535CA00535AFB /* FactCollectionViewCell.swift in Sources */ = {isa = PBXBuildFile; fileRef = 6902063520C535CA00535AFB /* FactCollectionViewCell.swift */; };
		6902064420C5395F00535AFB /* Assets.xcassets in Resources */ = {isa = PBXBuildFile; fileRef = 6902061A20C535A100535AFB /* Assets.xcassets */; };
		697D248420C53E5700DE4DCD /* Constants.swift in Sources */ = {isa = PBXBuildFile; fileRef = 6902062920C535CA00535AFB /* Constants.swift */; };
		697D248620C53EB000DE4DCD /* Fact.swift in Sources */ = {isa = PBXBuildFile; fileRef = 6902063020C535CA00535AFB /* Fact.swift */; };
		697D248720C53EE200DE4DCD /* FactWebservice.swift in Sources */ = {isa = PBXBuildFile; fileRef = 6902062B20C535CA00535AFB /* FactWebservice.swift */; };
		79F8774A6DD4F51CF8A8E144 /* Pods_capgeminiFacts.framework in Frameworks */ = {isa = PBXBuildFile; fileRef = 7372ECD46B3C3835A471024A /* Pods_capgeminiFacts.framework */; };
		888F0216FC475C8FF42F8D39 /* Pods_capgeminiFactsUITests.framework in Frameworks */ = {isa = PBXBuildFile; fileRef = 59E24A5BA1157C90A96988F5 /* Pods_capgeminiFactsUITests.framework */; };
		D9461D3D517103C6DB70EAFE /* Pods_capgeminiFactsTests.framework in Frameworks */ = {isa = PBXBuildFile; fileRef = F95EA6256CE9541D048F1E89 /* Pods_capgeminiFactsTests.framework */; };
/* End PBXBuildFile section */

/* Begin PBXContainerItemProxy section */
		690205FC20C5329D00535AFB /* PBXContainerItemProxy */ = {
			isa = PBXContainerItemProxy;
			containerPortal = 690205DD20C5329C00535AFB /* Project object */;
			proxyType = 1;
			remoteGlobalIDString = 690205E420C5329C00535AFB;
			remoteInfo = capgeminiFacts;
		};
		6902060720C5329D00535AFB /* PBXContainerItemProxy */ = {
			isa = PBXContainerItemProxy;
			containerPortal = 690205DD20C5329C00535AFB /* Project object */;
			proxyType = 1;
			remoteGlobalIDString = 690205E420C5329C00535AFB;
			remoteInfo = capgeminiFacts;
		};
/* End PBXContainerItemProxy section */

/* Begin PBXFileReference section */
		24D5DC7842F9E39640F77AFB /* Pods-capgeminiFacts.release.xcconfig */ = {isa = PBXFileReference; includeInIndex = 1; lastKnownFileType = text.xcconfig; name = "Pods-capgeminiFacts.release.xcconfig"; path = "Pods/Target Support Files/Pods-capgeminiFacts/Pods-capgeminiFacts.release.xcconfig"; sourceTree = "<group>"; };
		435C6A124EAA7CE5505AAA21 /* Pods-capgeminiFactsUITests.debug.xcconfig */ = {isa = PBXFileReference; includeInIndex = 1; lastKnownFileType = text.xcconfig; name = "Pods-capgeminiFactsUITests.debug.xcconfig"; path = "Pods/Target Support Files/Pods-capgeminiFactsUITests/Pods-capgeminiFactsUITests.debug.xcconfig"; sourceTree = "<group>"; };
		44BD2086A2C2E894332424F5 /* Pods-capgeminiFactsTests.debug.xcconfig */ = {isa = PBXFileReference; includeInIndex = 1; lastKnownFileType = text.xcconfig; name = "Pods-capgeminiFactsTests.debug.xcconfig"; path = "Pods/Target Support Files/Pods-capgeminiFactsTests/Pods-capgeminiFactsTests.debug.xcconfig"; sourceTree = "<group>"; };
		59E24A5BA1157C90A96988F5 /* Pods_capgeminiFactsUITests.framework */ = {isa = PBXFileReference; explicitFileType = wrapper.framework; includeInIndex = 0; path = Pods_capgeminiFactsUITests.framework; sourceTree = BUILT_PRODUCTS_DIR; };
		5D39C9B28F9AEF850F44B018 /* Pods-capgeminiFactsUITests.release.xcconfig */ = {isa = PBXFileReference; includeInIndex = 1; lastKnownFileType = text.xcconfig; name = "Pods-capgeminiFactsUITests.release.xcconfig"; path = "Pods/Target Support Files/Pods-capgeminiFactsUITests/Pods-capgeminiFactsUITests.release.xcconfig"; sourceTree = "<group>"; };
		690205E520C5329C00535AFB /* capgeminiFacts.app */ = {isa = PBXFileReference; explicitFileType = wrapper.application; includeInIndex = 0; path = capgeminiFacts.app; sourceTree = BUILT_PRODUCTS_DIR; };
		690205E820C5329C00535AFB /* AppDelegate.swift */ = {isa = PBXFileReference; lastKnownFileType = sourcecode.swift; path = AppDelegate.swift; sourceTree = "<group>"; };
		690205F620C5329C00535AFB /* Info.plist */ = {isa = PBXFileReference; lastKnownFileType = text.plist.xml; path = Info.plist; sourceTree = "<group>"; };
		690205FB20C5329D00535AFB /* capgeminiFactsTests.xctest */ = {isa = PBXFileReference; explicitFileType = wrapper.cfbundle; includeInIndex = 0; path = capgeminiFactsTests.xctest; sourceTree = BUILT_PRODUCTS_DIR; };
		690205FF20C5329D00535AFB /* capgeminiFactsTests.swift */ = {isa = PBXFileReference; lastKnownFileType = sourcecode.swift; path = capgeminiFactsTests.swift; sourceTree = "<group>"; };
		6902060120C5329D00535AFB /* Info.plist */ = {isa = PBXFileReference; lastKnownFileType = text.plist.xml; path = Info.plist; sourceTree = "<group>"; };
		6902060620C5329D00535AFB /* capgeminiFactsUITests.xctest */ = {isa = PBXFileReference; explicitFileType = wrapper.cfbundle; includeInIndex = 0; path = capgeminiFactsUITests.xctest; sourceTree = BUILT_PRODUCTS_DIR; };
		6902060A20C5329D00535AFB /* capgeminiFactsUITests.swift */ = {isa = PBXFileReference; lastKnownFileType = sourcecode.swift; path = capgeminiFactsUITests.swift; sourceTree = "<group>"; };
		6902060C20C5329D00535AFB /* Info.plist */ = {isa = PBXFileReference; lastKnownFileType = text.plist.xml; path = Info.plist; sourceTree = "<group>"; };
		6902061A20C535A100535AFB /* Assets.xcassets */ = {isa = PBXFileReference; lastKnownFileType = folder.assetcatalog; path = Assets.xcassets; sourceTree = "<group>"; };
		6902061C20C535A100535AFB /* Base */ = {isa = PBXFileReference; lastKnownFileType = file.storyboard; name = Base; path = Base.lproj/LaunchScreen.storyboard; sourceTree = "<group>"; };
		6902062520C535CA00535AFB /* FactDetailViewController.swift */ = {isa = PBXFileReference; fileEncoding = 4; lastKnownFileType = sourcecode.swift; path = FactDetailViewController.swift; sourceTree = "<group>"; };
		6902062620C535CA00535AFB /* Main.storyboard */ = {isa = PBXFileReference; fileEncoding = 4; lastKnownFileType = file.storyboard; path = Main.storyboard; sourceTree = "<group>"; };
		6902062720C535CA00535AFB /* FactsViewController.swift */ = {isa = PBXFileReference; fileEncoding = 4; lastKnownFileType = sourcecode.swift; path = FactsViewController.swift; sourceTree = "<group>"; };
		6902062920C535CA00535AFB /* Constants.swift */ = {isa = PBXFileReference; fileEncoding = 4; lastKnownFileType = sourcecode.swift; path = Constants.swift; sourceTree = "<group>"; };
		6902062B20C535CA00535AFB /* FactWebservice.swift */ = {isa = PBXFileReference; fileEncoding = 4; lastKnownFileType = sourcecode.swift; path = FactWebservice.swift; sourceTree = "<group>"; };
		6902062D20C535CA00535AFB /* String+URLRequest.swift */ = {isa = PBXFileReference; fileEncoding = 4; lastKnownFileType = sourcecode.swift; path = "String+URLRequest.swift"; sourceTree = "<group>"; };
		6902062E20C535CA00535AFB /* ViewExtensions.swift */ = {isa = PBXFileReference; fileEncoding = 4; lastKnownFileType = sourcecode.swift; path = ViewExtensions.swift; sourceTree = "<group>"; };
		6902063020C535CA00535AFB /* Fact.swift */ = {isa = PBXFileReference; fileEncoding = 4; lastKnownFileType = sourcecode.swift; path = Fact.swift; sourceTree = "<group>"; };
		6902063220C535CA00535AFB /* FactCellViewModel.swift */ = {isa = PBXFileReference; fileEncoding = 4; lastKnownFileType = sourcecode.swift; path = FactCellViewModel.swift; sourceTree = "<group>"; };
		6902063320C535CA00535AFB /* FactViewModel.swift */ = {isa = PBXFileReference; fileEncoding = 4; lastKnownFileType = sourcecode.swift; path = FactViewModel.swift; sourceTree = "<group>"; };
		6902063520C535CA00535AFB /* FactCollectionViewCell.swift */ = {isa = PBXFileReference; fileEncoding = 4; lastKnownFileType = sourcecode.swift; path = FactCollectionViewCell.swift; sourceTree = "<group>"; };
		7372ECD46B3C3835A471024A /* Pods_capgeminiFacts.framework */ = {isa = PBXFileReference; explicitFileType = wrapper.framework; includeInIndex = 0; path = Pods_capgeminiFacts.framework; sourceTree = BUILT_PRODUCTS_DIR; };
		BC573BEAB822499071EE9162 /* Pods-capgeminiFacts.debug.xcconfig */ = {isa = PBXFileReference; includeInIndex = 1; lastKnownFileType = text.xcconfig; name = "Pods-capgeminiFacts.debug.xcconfig"; path = "Pods/Target Support Files/Pods-capgeminiFacts/Pods-capgeminiFacts.debug.xcconfig"; sourceTree = "<group>"; };
		C189A38EAB3D0A6AD7DB30E5 /* Pods-capgeminiFactsTests.release.xcconfig */ = {isa = PBXFileReference; includeInIndex = 1; lastKnownFileType = text.xcconfig; name = "Pods-capgeminiFactsTests.release.xcconfig"; path = "Pods/Target Support Files/Pods-capgeminiFactsTests/Pods-capgeminiFactsTests.release.xcconfig"; sourceTree = "<group>"; };
		F95EA6256CE9541D048F1E89 /* Pods_capgeminiFactsTests.framework */ = {isa = PBXFileReference; explicitFileType = wrapper.framework; includeInIndex = 0; path = Pods_capgeminiFactsTests.framework; sourceTree = BUILT_PRODUCTS_DIR; };
/* End PBXFileReference section */

/* Begin PBXFrameworksBuildPhase section */
		690205E220C5329C00535AFB /* Frameworks */ = {
			isa = PBXFrameworksBuildPhase;
			buildActionMask = 2147483647;
			files = (
				79F8774A6DD4F51CF8A8E144 /* Pods_capgeminiFacts.framework in Frameworks */,
			);
			runOnlyForDeploymentPostprocessing = 0;
		};
		690205F820C5329D00535AFB /* Frameworks */ = {
			isa = PBXFrameworksBuildPhase;
			buildActionMask = 2147483647;
			files = (
				D9461D3D517103C6DB70EAFE /* Pods_capgeminiFactsTests.framework in Frameworks */,
			);
			runOnlyForDeploymentPostprocessing = 0;
		};
		6902060320C5329D00535AFB /* Frameworks */ = {
			isa = PBXFrameworksBuildPhase;
			buildActionMask = 2147483647;
			files = (
				888F0216FC475C8FF42F8D39 /* Pods_capgeminiFactsUITests.framework in Frameworks */,
			);
			runOnlyForDeploymentPostprocessing = 0;
		};
/* End PBXFrameworksBuildPhase section */

/* Begin PBXGroup section */
		17EE49BFF775A90B49CDDD3E /* Frameworks */ = {
			isa = PBXGroup;
			children = (
				7372ECD46B3C3835A471024A /* Pods_capgeminiFacts.framework */,
				F95EA6256CE9541D048F1E89 /* Pods_capgeminiFactsTests.framework */,
				59E24A5BA1157C90A96988F5 /* Pods_capgeminiFactsUITests.framework */,
			);
			name = Frameworks;
			sourceTree = "<group>";
		};
		3006CEBDA733C92E28B9C592 /* Pods */ = {
			isa = PBXGroup;
			children = (
				BC573BEAB822499071EE9162 /* Pods-capgeminiFacts.debug.xcconfig */,
				24D5DC7842F9E39640F77AFB /* Pods-capgeminiFacts.release.xcconfig */,
				44BD2086A2C2E894332424F5 /* Pods-capgeminiFactsTests.debug.xcconfig */,
				C189A38EAB3D0A6AD7DB30E5 /* Pods-capgeminiFactsTests.release.xcconfig */,
				435C6A124EAA7CE5505AAA21 /* Pods-capgeminiFactsUITests.debug.xcconfig */,
				5D39C9B28F9AEF850F44B018 /* Pods-capgeminiFactsUITests.release.xcconfig */,
			);
			name = Pods;
			sourceTree = "<group>";
		};
		690205DC20C5329C00535AFB = {
			isa = PBXGroup;
			children = (
				690205E720C5329C00535AFB /* capgeminiFacts */,
				690205FE20C5329D00535AFB /* capgeminiFactsTests */,
				6902060920C5329D00535AFB /* capgeminiFactsUITests */,
				690205E620C5329C00535AFB /* Products */,
				3006CEBDA733C92E28B9C592 /* Pods */,
				17EE49BFF775A90B49CDDD3E /* Frameworks */,
			);
			sourceTree = "<group>";
		};
		690205E620C5329C00535AFB /* Products */ = {
			isa = PBXGroup;
			children = (
				690205E520C5329C00535AFB /* capgeminiFacts.app */,
				690205FB20C5329D00535AFB /* capgeminiFactsTests.xctest */,
				6902060620C5329D00535AFB /* capgeminiFactsUITests.xctest */,
			);
			name = Products;
			sourceTree = "<group>";
		};
		690205E720C5329C00535AFB /* capgeminiFacts */ = {
			isa = PBXGroup;
			children = (
				6902061820C5355C00535AFB /* AppDelegate */,
				6902062820C535CA00535AFB /* Constants */,
				6902062220C535CA00535AFB /* Controllers */,
				6902062C20C535CA00535AFB /* Extensions */,
				6902062F20C535CA00535AFB /* Model */,
				6902063120C535CA00535AFB /* View Models */,
				6902063420C535CA00535AFB /* Views */,
				6902062A20C535CA00535AFB /* Web Services */,
				6902061920C535A100535AFB /* Assets */,
				690205F620C5329C00535AFB /* Info.plist */,
			);
			path = capgeminiFacts;
			sourceTree = "<group>";
		};
		690205FE20C5329D00535AFB /* capgeminiFactsTests */ = {
			isa = PBXGroup;
			children = (
				690205FF20C5329D00535AFB /* capgeminiFactsTests.swift */,
				6902060120C5329D00535AFB /* Info.plist */,
			);
			path = capgeminiFactsTests;
			sourceTree = "<group>";
		};
		6902060920C5329D00535AFB /* capgeminiFactsUITests */ = {
			isa = PBXGroup;
			children = (
				6902060A20C5329D00535AFB /* capgeminiFactsUITests.swift */,
				6902060C20C5329D00535AFB /* Info.plist */,
			);
			path = capgeminiFactsUITests;
			sourceTree = "<group>";
		};
		6902061820C5355C00535AFB /* AppDelegate */ = {
			isa = PBXGroup;
			children = (
				690205E820C5329C00535AFB /* AppDelegate.swift */,
			);
			path = AppDelegate;
			sourceTree = "<group>";
		};
		6902061920C535A100535AFB /* Assets */ = {
			isa = PBXGroup;
			children = (
				6902061A20C535A100535AFB /* Assets.xcassets */,
				6902061B20C535A100535AFB /* LaunchScreen.storyboard */,
				6902062620C535CA00535AFB /* Main.storyboard */,
			);
			path = Assets;
			sourceTree = "<group>";
		};
		6902062220C535CA00535AFB /* Controllers */ = {
			isa = PBXGroup;
			children = (
				6902062520C535CA00535AFB /* FactDetailViewController.swift */,
				6902062720C535CA00535AFB /* FactsViewController.swift */,
			);
			path = Controllers;
			sourceTree = "<group>";
		};
		6902062820C535CA00535AFB /* Constants */ = {
			isa = PBXGroup;
			children = (
				6902062920C535CA00535AFB /* Constants.swift */,
			);
			path = Constants;
			sourceTree = "<group>";
		};
		6902062A20C535CA00535AFB /* Web Services */ = {
			isa = PBXGroup;
			children = (
				6902062B20C535CA00535AFB /* FactWebservice.swift */,
			);
			path = "Web Services";
			sourceTree = "<group>";
		};
		6902062C20C535CA00535AFB /* Extensions */ = {
			isa = PBXGroup;
			children = (
				6902062D20C535CA00535AFB /* String+URLRequest.swift */,
				6902062E20C535CA00535AFB /* ViewExtensions.swift */,
			);
			path = Extensions;
			sourceTree = "<group>";
		};
		6902062F20C535CA00535AFB /* Model */ = {
			isa = PBXGroup;
			children = (
				6902063020C535CA00535AFB /* Fact.swift */,
			);
			path = Model;
			sourceTree = "<group>";
		};
		6902063120C535CA00535AFB /* View Models */ = {
			isa = PBXGroup;
			children = (
				6902063220C535CA00535AFB /* FactCellViewModel.swift */,
				6902063320C535CA00535AFB /* FactViewModel.swift */,
			);
			path = "View Models";
			sourceTree = "<group>";
		};
		6902063420C535CA00535AFB /* Views */ = {
			isa = PBXGroup;
			children = (
				6902063520C535CA00535AFB /* FactCollectionViewCell.swift */,
			);
			path = Views;
			sourceTree = "<group>";
		};
/* End PBXGroup section */

/* Begin PBXNativeTarget section */
		690205E420C5329C00535AFB /* capgeminiFacts */ = {
			isa = PBXNativeTarget;
			buildConfigurationList = 6902060F20C5329D00535AFB /* Build configuration list for PBXNativeTarget "capgeminiFacts" */;
			buildPhases = (
				CDFB8F10E0EC793855F85761 /* [CP] Check Pods Manifest.lock */,
				690205E120C5329C00535AFB /* Sources */,
				690205E220C5329C00535AFB /* Frameworks */,
				690205E320C5329C00535AFB /* Resources */,
				ADF067A686896A5395AF06E9 /* [CP] Embed Pods Frameworks */,
			);
			buildRules = (
			);
			dependencies = (
			);
			name = capgeminiFacts;
			productName = capgeminiFacts;
			productReference = 690205E520C5329C00535AFB /* capgeminiFacts.app */;
			productType = "com.apple.product-type.application";
		};
		690205FA20C5329D00535AFB /* capgeminiFactsTests */ = {
			isa = PBXNativeTarget;
			buildConfigurationList = 6902061220C5329D00535AFB /* Build configuration list for PBXNativeTarget "capgeminiFactsTests" */;
			buildPhases = (
				449F2FD2FFA7E2EEA4339F09 /* [CP] Check Pods Manifest.lock */,
				690205F720C5329D00535AFB /* Sources */,
				690205F820C5329D00535AFB /* Frameworks */,
				690205F920C5329D00535AFB /* Resources */,
			);
			buildRules = (
			);
			dependencies = (
				690205FD20C5329D00535AFB /* PBXTargetDependency */,
			);
			name = capgeminiFactsTests;
			productName = capgeminiFactsTests;
			productReference = 690205FB20C5329D00535AFB /* capgeminiFactsTests.xctest */;
			productType = "com.apple.product-type.bundle.unit-test";
		};
		6902060520C5329D00535AFB /* capgeminiFactsUITests */ = {
			isa = PBXNativeTarget;
			buildConfigurationList = 6902061520C5329D00535AFB /* Build configuration list for PBXNativeTarget "capgeminiFactsUITests" */;
			buildPhases = (
				7055FF0F9D92BE9052AF1145 /* [CP] Check Pods Manifest.lock */,
				6902060220C5329D00535AFB /* Sources */,
				6902060320C5329D00535AFB /* Frameworks */,
				6902060420C5329D00535AFB /* Resources */,
			);
			buildRules = (
			);
			dependencies = (
				6902060820C5329D00535AFB /* PBXTargetDependency */,
			);
			name = capgeminiFactsUITests;
			productName = capgeminiFactsUITests;
			productReference = 6902060620C5329D00535AFB /* capgeminiFactsUITests.xctest */;
			productType = "com.apple.product-type.bundle.ui-testing";
		};
/* End PBXNativeTarget section */

/* Begin PBXProject section */
		690205DD20C5329C00535AFB /* Project object */ = {
			isa = PBXProject;
			attributes = {
				LastSwiftUpdateCheck = 0920;
				LastUpgradeCheck = 0920;
				ORGANIZATIONNAME = r00tdvd;
				TargetAttributes = {
					690205E420C5329C00535AFB = {
						CreatedOnToolsVersion = 9.2;
						ProvisioningStyle = Automatic;
					};
					690205FA20C5329D00535AFB = {
						CreatedOnToolsVersion = 9.2;
						ProvisioningStyle = Automatic;
						TestTargetID = 690205E420C5329C00535AFB;
					};
					6902060520C5329D00535AFB = {
						CreatedOnToolsVersion = 9.2;
						ProvisioningStyle = Automatic;
						TestTargetID = 690205E420C5329C00535AFB;
					};
				};
			};
			buildConfigurationList = 690205E020C5329C00535AFB /* Build configuration list for PBXProject "capgeminiFacts" */;
			compatibilityVersion = "Xcode 8.0";
			developmentRegion = en;
			hasScannedForEncodings = 0;
			knownRegions = (
				en,
				Base,
			);
			mainGroup = 690205DC20C5329C00535AFB;
			productRefGroup = 690205E620C5329C00535AFB /* Products */;
			projectDirPath = "";
			projectRoot = "";
			targets = (
				690205E420C5329C00535AFB /* capgeminiFacts */,
				690205FA20C5329D00535AFB /* capgeminiFactsTests */,
				6902060520C5329D00535AFB /* capgeminiFactsUITests */,
			);
		};
/* End PBXProject section */

/* Begin PBXResourcesBuildPhase section */
		690205E320C5329C00535AFB /* Resources */ = {
			isa = PBXResourcesBuildPhase;
			buildActionMask = 2147483647;
			files = (
				6902063820C535CA00535AFB /* Main.storyboard in Resources */,
				6902062020C535A100535AFB /* LaunchScreen.storyboard in Resources */,
				6902064420C5395F00535AFB /* Assets.xcassets in Resources */,
			);
			runOnlyForDeploymentPostprocessing = 0;
		};
		690205F920C5329D00535AFB /* Resources */ = {
			isa = PBXResourcesBuildPhase;
			buildActionMask = 2147483647;
			files = (
			);
			runOnlyForDeploymentPostprocessing = 0;
		};
		6902060420C5329D00535AFB /* Resources */ = {
			isa = PBXResourcesBuildPhase;
			buildActionMask = 2147483647;
			files = (
			);
			runOnlyForDeploymentPostprocessing = 0;
		};
/* End PBXResourcesBuildPhase section */

/* Begin PBXShellScriptBuildPhase section */
		449F2FD2FFA7E2EEA4339F09 /* [CP] Check Pods Manifest.lock */ = {
			isa = PBXShellScriptBuildPhase;
			buildActionMask = 2147483647;
			files = (
			);
			inputPaths = (
				"${PODS_PODFILE_DIR_PATH}/Podfile.lock",
				"${PODS_ROOT}/Manifest.lock",
			);
			name = "[CP] Check Pods Manifest.lock";
			outputPaths = (
				"$(DERIVED_FILE_DIR)/Pods-capgeminiFactsTests-checkManifestLockResult.txt",
			);
			runOnlyForDeploymentPostprocessing = 0;
			shellPath = /bin/sh;
			shellScript = "diff \"${PODS_PODFILE_DIR_PATH}/Podfile.lock\" \"${PODS_ROOT}/Manifest.lock\" > /dev/null\nif [ $? != 0 ] ; then\n    # print error to STDERR\n    echo \"error: The sandbox is not in sync with the Podfile.lock. Run 'pod install' or update your CocoaPods installation.\" >&2\n    exit 1\nfi\n# This output is used by Xcode 'outputs' to avoid re-running this script phase.\necho \"SUCCESS\" > \"${SCRIPT_OUTPUT_FILE_0}\"\n";
			showEnvVarsInLog = 0;
		};
		7055FF0F9D92BE9052AF1145 /* [CP] Check Pods Manifest.lock */ = {
			isa = PBXShellScriptBuildPhase;
			buildActionMask = 2147483647;
			files = (
			);
			inputPaths = (
				"${PODS_PODFILE_DIR_PATH}/Podfile.lock",
				"${PODS_ROOT}/Manifest.lock",
			);
			name = "[CP] Check Pods Manifest.lock";
			outputPaths = (
				"$(DERIVED_FILE_DIR)/Pods-capgeminiFactsUITests-checkManifestLockResult.txt",
			);
			runOnlyForDeploymentPostprocessing = 0;
			shellPath = /bin/sh;
			shellScript = "diff \"${PODS_PODFILE_DIR_PATH}/Podfile.lock\" \"${PODS_ROOT}/Manifest.lock\" > /dev/null\nif [ $? != 0 ] ; then\n    # print error to STDERR\n    echo \"error: The sandbox is not in sync with the Podfile.lock. Run 'pod install' or update your CocoaPods installation.\" >&2\n    exit 1\nfi\n# This output is used by Xcode 'outputs' to avoid re-running this script phase.\necho \"SUCCESS\" > \"${SCRIPT_OUTPUT_FILE_0}\"\n";
			showEnvVarsInLog = 0;
		};
		ADF067A686896A5395AF06E9 /* [CP] Embed Pods Frameworks */ = {
			isa = PBXShellScriptBuildPhase;
			buildActionMask = 2147483647;
			files = (
			);
			inputPaths = (
				"${SRCROOT}/Pods/Target Support Files/Pods-capgeminiFacts/Pods-capgeminiFacts-frameworks.sh",
				"${BUILT_PRODUCTS_DIR}/Alamofire/Alamofire.framework",
				"${BUILT_PRODUCTS_DIR}/SDWebImage/SDWebImage.framework",
			);
			name = "[CP] Embed Pods Frameworks";
			outputPaths = (
				"${TARGET_BUILD_DIR}/${FRAMEWORKS_FOLDER_PATH}/Alamofire.framework",
				"${TARGET_BUILD_DIR}/${FRAMEWORKS_FOLDER_PATH}/SDWebImage.framework",
			);
			runOnlyForDeploymentPostprocessing = 0;
			shellPath = /bin/sh;
			shellScript = "\"${SRCROOT}/Pods/Target Support Files/Pods-capgeminiFacts/Pods-capgeminiFacts-frameworks.sh\"\n";
			showEnvVarsInLog = 0;
		};
		CDFB8F10E0EC793855F85761 /* [CP] Check Pods Manifest.lock */ = {
			isa = PBXShellScriptBuildPhase;
			buildActionMask = 2147483647;
			files = (
			);
			inputPaths = (
				"${PODS_PODFILE_DIR_PATH}/Podfile.lock",
				"${PODS_ROOT}/Manifest.lock",
			);
			name = "[CP] Check Pods Manifest.lock";
			outputPaths = (
				"$(DERIVED_FILE_DIR)/Pods-capgeminiFacts-checkManifestLockResult.txt",
			);
			runOnlyForDeploymentPostprocessing = 0;
			shellPath = /bin/sh;
			shellScript = "diff \"${PODS_PODFILE_DIR_PATH}/Podfile.lock\" \"${PODS_ROOT}/Manifest.lock\" > /dev/null\nif [ $? != 0 ] ; then\n    # print error to STDERR\n    echo \"error: The sandbox is not in sync with the Podfile.lock. Run 'pod install' or update your CocoaPods installation.\" >&2\n    exit 1\nfi\n# This output is used by Xcode 'outputs' to avoid re-running this script phase.\necho \"SUCCESS\" > \"${SCRIPT_OUTPUT_FILE_0}\"\n";
			showEnvVarsInLog = 0;
		};
/* End PBXShellScriptBuildPhase section */

/* Begin PBXSourcesBuildPhase section */
		690205E120C5329C00535AFB /* Sources */ = {
			isa = PBXSourcesBuildPhase;
			buildActionMask = 2147483647;
			files = (
				6902064120C535CA00535AFB /* FactCollectionViewCell.swift in Sources */,
				6902063F20C535CA00535AFB /* FactCellViewModel.swift in Sources */,
				6902063C20C535CA00535AFB /* String+URLRequest.swift in Sources */,
				6902063720C535CA00535AFB /* FactDetailViewController.swift in Sources */,
				6902063E20C535CA00535AFB /* Fact.swift in Sources */,
				6902063920C535CA00535AFB /* FactsViewController.swift in Sources */,
				6902064020C535CA00535AFB /* FactViewModel.swift in Sources */,
				6902063B20C535CA00535AFB /* FactWebservice.swift in Sources */,
				6902063A20C535CA00535AFB /* Constants.swift in Sources */,
				6902063D20C535CA00535AFB /* ViewExtensions.swift in Sources */,
				690205E920C5329C00535AFB /* AppDelegate.swift in Sources */,
			);
			runOnlyForDeploymentPostprocessing = 0;
		};
		690205F720C5329D00535AFB /* Sources */ = {
			isa = PBXSourcesBuildPhase;
			buildActionMask = 2147483647;
			files = (
				697D248720C53EE200DE4DCD /* FactWebservice.swift in Sources */,
				6902060020C5329D00535AFB /* capgeminiFactsTests.swift in Sources */,
				697D248420C53E5700DE4DCD /* Constants.swift in Sources */,
				697D248620C53EB000DE4DCD /* Fact.swift in Sources */,
			);
			runOnlyForDeploymentPostprocessing = 0;
		};
		6902060220C5329D00535AFB /* Sources */ = {
			isa = PBXSourcesBuildPhase;
			buildActionMask = 2147483647;
			files = (
				6902060B20C5329D00535AFB /* capgeminiFactsUITests.swift in Sources */,
			);
			runOnlyForDeploymentPostprocessing = 0;
		};
/* End PBXSourcesBuildPhase section */

/* Begin PBXTargetDependency section */
		690205FD20C5329D00535AFB /* PBXTargetDependency */ = {
			isa = PBXTargetDependency;
			target = 690205E420C5329C00535AFB /* capgeminiFacts */;
			targetProxy = 690205FC20C5329D00535AFB /* PBXContainerItemProxy */;
		};
		6902060820C5329D00535AFB /* PBXTargetDependency */ = {
			isa = PBXTargetDependency;
			target = 690205E420C5329C00535AFB /* capgeminiFacts */;
			targetProxy = 6902060720C5329D00535AFB /* PBXContainerItemProxy */;
		};
/* End PBXTargetDependency section */

/* Begin PBXVariantGroup section */
		6902061B20C535A100535AFB /* LaunchScreen.storyboard */ = {
			isa = PBXVariantGroup;
			children = (
				6902061C20C535A100535AFB /* Base */,
			);
			name = LaunchScreen.storyboard;
			sourceTree = "<group>";
		};
/* End PBXVariantGroup section */

/* Begin XCBuildConfiguration section */
		6902060D20C5329D00535AFB /* Debug */ = {
			isa = XCBuildConfiguration;
			buildSettings = {
				ALWAYS_SEARCH_USER_PATHS = NO;
				CLANG_ANALYZER_NONNULL = YES;
				CLANG_ANALYZER_NUMBER_OBJECT_CONVERSION = YES_AGGRESSIVE;
				CLANG_CXX_LANGUAGE_STANDARD = "gnu++14";
				CLANG_CXX_LIBRARY = "libc++";
				CLANG_ENABLE_MODULES = YES;
				CLANG_ENABLE_OBJC_ARC = YES;
				CLANG_WARN_BLOCK_CAPTURE_AUTORELEASING = YES;
				CLANG_WARN_BOOL_CONVERSION = YES;
				CLANG_WARN_COMMA = YES;
				CLANG_WARN_CONSTANT_CONVERSION = YES;
				CLANG_WARN_DIRECT_OBJC_ISA_USAGE = YES_ERROR;
				CLANG_WARN_DOCUMENTATION_COMMENTS = YES;
				CLANG_WARN_EMPTY_BODY = YES;
				CLANG_WARN_ENUM_CONVERSION = YES;
				CLANG_WARN_INFINITE_RECURSION = YES;
				CLANG_WARN_INT_CONVERSION = YES;
				CLANG_WARN_NON_LITERAL_NULL_CONVERSION = YES;
				CLANG_WARN_OBJC_LITERAL_CONVERSION = YES;
				CLANG_WARN_OBJC_ROOT_CLASS = YES_ERROR;
				CLANG_WARN_RANGE_LOOP_ANALYSIS = YES;
				CLANG_WARN_STRICT_PROTOTYPES = YES;
				CLANG_WARN_SUSPICIOUS_MOVE = YES;
				CLANG_WARN_UNGUARDED_AVAILABILITY = YES_AGGRESSIVE;
				CLANG_WARN_UNREACHABLE_CODE = YES;
				CLANG_WARN__DUPLICATE_METHOD_MATCH = YES;
				CODE_SIGN_IDENTITY = "iPhone Developer";
				COPY_PHASE_STRIP = NO;
				DEBUG_INFORMATION_FORMAT = dwarf;
				ENABLE_STRICT_OBJC_MSGSEND = YES;
				ENABLE_TESTABILITY = YES;
				GCC_C_LANGUAGE_STANDARD = gnu11;
				GCC_DYNAMIC_NO_PIC = NO;
				GCC_NO_COMMON_BLOCKS = YES;
				GCC_OPTIMIZATION_LEVEL = 0;
				GCC_PREPROCESSOR_DEFINITIONS = (
					"DEBUG=1",
					"$(inherited)",
				);
				GCC_WARN_64_TO_32_BIT_CONVERSION = YES;
				GCC_WARN_ABOUT_RETURN_TYPE = YES_ERROR;
				GCC_WARN_UNDECLARED_SELECTOR = YES;
				GCC_WARN_UNINITIALIZED_AUTOS = YES_AGGRESSIVE;
				GCC_WARN_UNUSED_FUNCTION = YES;
				GCC_WARN_UNUSED_VARIABLE = YES;
				IPHONEOS_DEPLOYMENT_TARGET = 10.0;
				MTL_ENABLE_DEBUG_INFO = YES;
				ONLY_ACTIVE_ARCH = YES;
				SDKROOT = iphoneos;
				SWIFT_ACTIVE_COMPILATION_CONDITIONS = DEBUG;
				SWIFT_OPTIMIZATION_LEVEL = "-Onone";
			};
			name = Debug;
		};
		6902060E20C5329D00535AFB /* Release */ = {
			isa = XCBuildConfiguration;
			buildSettings = {
				ALWAYS_SEARCH_USER_PATHS = NO;
				CLANG_ANALYZER_NONNULL = YES;
				CLANG_ANALYZER_NUMBER_OBJECT_CONVERSION = YES_AGGRESSIVE;
				CLANG_CXX_LANGUAGE_STANDARD = "gnu++14";
				CLANG_CXX_LIBRARY = "libc++";
				CLANG_ENABLE_MODULES = YES;
				CLANG_ENABLE_OBJC_ARC = YES;
				CLANG_WARN_BLOCK_CAPTURE_AUTORELEASING = YES;
				CLANG_WARN_BOOL_CONVERSION = YES;
				CLANG_WARN_COMMA = YES;
				CLANG_WARN_CONSTANT_CONVERSION = YES;
				CLANG_WARN_DIRECT_OBJC_ISA_USAGE = YES_ERROR;
				CLANG_WARN_DOCUMENTATION_COMMENTS = YES;
				CLANG_WARN_EMPTY_BODY = YES;
				CLANG_WARN_ENUM_CONVERSION = YES;
				CLANG_WARN_INFINITE_RECURSION = YES;
				CLANG_WARN_INT_CONVERSION = YES;
				CLANG_WARN_NON_LITERAL_NULL_CONVERSION = YES;
				CLANG_WARN_OBJC_LITERAL_CONVERSION = YES;
				CLANG_WARN_OBJC_ROOT_CLASS = YES_ERROR;
				CLANG_WARN_RANGE_LOOP_ANALYSIS = YES;
				CLANG_WARN_STRICT_PROTOTYPES = YES;
				CLANG_WARN_SUSPICIOUS_MOVE = YES;
				CLANG_WARN_UNGUARDED_AVAILABILITY = YES_AGGRESSIVE;
				CLANG_WARN_UNREACHABLE_CODE = YES;
				CLANG_WARN__DUPLICATE_METHOD_MATCH = YES;
				CODE_SIGN_IDENTITY = "iPhone Developer";
				COPY_PHASE_STRIP = NO;
				DEBUG_INFORMATION_FORMAT = "dwarf-with-dsym";
				ENABLE_NS_ASSERTIONS = NO;
				ENABLE_STRICT_OBJC_MSGSEND = YES;
				GCC_C_LANGUAGE_STANDARD = gnu11;
				GCC_NO_COMMON_BLOCKS = YES;
				GCC_WARN_64_TO_32_BIT_CONVERSION = YES;
				GCC_WARN_ABOUT_RETURN_TYPE = YES_ERROR;
				GCC_WARN_UNDECLARED_SELECTOR = YES;
				GCC_WARN_UNINITIALIZED_AUTOS = YES_AGGRESSIVE;
				GCC_WARN_UNUSED_FUNCTION = YES;
				GCC_WARN_UNUSED_VARIABLE = YES;
				IPHONEOS_DEPLOYMENT_TARGET = 10.0;
				MTL_ENABLE_DEBUG_INFO = NO;
				SDKROOT = iphoneos;
				SWIFT_OPTIMIZATION_LEVEL = "-Owholemodule";
				VALIDATE_PRODUCT = YES;
			};
			name = Release;
		};
		6902061020C5329D00535AFB /* Debug */ = {
			isa = XCBuildConfiguration;
			baseConfigurationReference = BC573BEAB822499071EE9162 /* Pods-capgeminiFacts.debug.xcconfig */;
			buildSettings = {
				ASSETCATALOG_COMPILER_APPICON_NAME = AppIcon;
				CODE_SIGN_STYLE = Automatic;
				INFOPLIST_FILE = capgeminiFacts/Info.plist;
				LD_RUNPATH_SEARCH_PATHS = "$(inherited) @executable_path/Frameworks";
				PRODUCT_BUNDLE_IDENTIFIER = au.com.nettrinity.capgeminiFacts;
				PRODUCT_NAME = "$(TARGET_NAME)";
				SWIFT_VERSION = 4.0;
				TARGETED_DEVICE_FAMILY = "1,2";
			};
			name = Debug;
		};
		6902061120C5329D00535AFB /* Release */ = {
			isa = XCBuildConfiguration;
			baseConfigurationReference = 24D5DC7842F9E39640F77AFB /* Pods-capgeminiFacts.release.xcconfig */;
			buildSettings = {
				ASSETCATALOG_COMPILER_APPICON_NAME = AppIcon;
				CODE_SIGN_STYLE = Automatic;
				INFOPLIST_FILE = capgeminiFacts/Info.plist;
				LD_RUNPATH_SEARCH_PATHS = "$(inherited) @executable_path/Frameworks";
				PRODUCT_BUNDLE_IDENTIFIER = au.com.nettrinity.capgeminiFacts;
				PRODUCT_NAME = "$(TARGET_NAME)";
				SWIFT_VERSION = 4.0;
				TARGETED_DEVICE_FAMILY = "1,2";
			};
			name = Release;
		};
		6902061320C5329D00535AFB /* Debug */ = {
			isa = XCBuildConfiguration;
			baseConfigurationReference = 44BD2086A2C2E894332424F5 /* Pods-capgeminiFactsTests.debug.xcconfig */;
			buildSettings = {
				ALWAYS_EMBED_SWIFT_STANDARD_LIBRARIES = YES;
				BUNDLE_LOADER = "$(TEST_HOST)";
				CODE_SIGN_STYLE = Automatic;
				INFOPLIST_FILE = capgeminiFactsTests/Info.plist;
				LD_RUNPATH_SEARCH_PATHS = "$(inherited) @executable_path/Frameworks @loader_path/Frameworks";
				PRODUCT_BUNDLE_IDENTIFIER = au.com.nettrinity.capgeminiFactsTests;
				PRODUCT_NAME = "$(TARGET_NAME)";
				SWIFT_VERSION = 4.0;
				TARGETED_DEVICE_FAMILY = "1,2";
				TEST_HOST = "$(BUILT_PRODUCTS_DIR)/capgeminiFacts.app/capgeminiFacts";
			};
			name = Debug;
		};
		6902061420C5329D00535AFB /* Release */ = {
			isa = XCBuildConfiguration;
			baseConfigurationReference = C189A38EAB3D0A6AD7DB30E5 /* Pods-capgeminiFactsTests.release.xcconfig */;
			buildSettings = {
				ALWAYS_EMBED_SWIFT_STANDARD_LIBRARIES = YES;
				BUNDLE_LOADER = "$(TEST_HOST)";
				CODE_SIGN_STYLE = Automatic;
				INFOPLIST_FILE = capgeminiFactsTests/Info.plist;
				LD_RUNPATH_SEARCH_PATHS = "$(inherited) @executable_path/Frameworks @loader_path/Frameworks";
				PRODUCT_BUNDLE_IDENTIFIER = au.com.nettrinity.capgeminiFactsTests;
				PRODUCT_NAME = "$(TARGET_NAME)";
				SWIFT_VERSION = 4.0;
				TARGETED_DEVICE_FAMILY = "1,2";
				TEST_HOST = "$(BUILT_PRODUCTS_DIR)/capgeminiFacts.app/capgeminiFacts";
			};
			name = Release;
		};
		6902061620C5329D00535AFB /* Debug */ = {
			isa = XCBuildConfiguration;
			baseConfigurationReference = 435C6A124EAA7CE5505AAA21 /* Pods-capgeminiFactsUITests.debug.xcconfig */;
			buildSettings = {
				ALWAYS_EMBED_SWIFT_STANDARD_LIBRARIES = YES;
				CODE_SIGN_STYLE = Automatic;
				INFOPLIST_FILE = capgeminiFactsUITests/Info.plist;
				LD_RUNPATH_SEARCH_PATHS = "$(inherited) @executable_path/Frameworks @loader_path/Frameworks";
				PRODUCT_BUNDLE_IDENTIFIER = au.com.nettrinity.capgeminiFactsUITests;
				PRODUCT_NAME = "$(TARGET_NAME)";
				SWIFT_VERSION = 4.0;
				TARGETED_DEVICE_FAMILY = "1,2";
				TEST_TARGET_NAME = capgeminiFacts;
			};
			name = Debug;
		};
		6902061720C5329D00535AFB /* Release */ = {
			isa = XCBuildConfiguration;
			baseConfigurationReference = 5D39C9B28F9AEF850F44B018 /* Pods-capgeminiFactsUITests.release.xcconfig */;
			buildSettings = {
				ALWAYS_EMBED_SWIFT_STANDARD_LIBRARIES = YES;
				CODE_SIGN_STYLE = Automatic;
				INFOPLIST_FILE = capgeminiFactsUITests/Info.plist;
				LD_RUNPATH_SEARCH_PATHS = "$(inherited) @executable_path/Frameworks @loader_path/Frameworks";
				PRODUCT_BUNDLE_IDENTIFIER = au.com.nettrinity.capgeminiFactsUITests;
				PRODUCT_NAME = "$(TARGET_NAME)";
				SWIFT_VERSION = 4.0;
				TARGETED_DEVICE_FAMILY = "1,2";
				TEST_TARGET_NAME = capgeminiFacts;
			};
			name = Release;
		};
/* End XCBuildConfiguration section */

/* Begin XCConfigurationList section */
		690205E020C5329C00535AFB /* Build configuration list for PBXProject "capgeminiFacts" */ = {
			isa = XCConfigurationList;
			buildConfigurations = (
				6902060D20C5329D00535AFB /* Debug */,
				6902060E20C5329D00535AFB /* Release */,
			);
			defaultConfigurationIsVisible = 0;
			defaultConfigurationName = Release;
		};
		6902060F20C5329D00535AFB /* Build configuration list for PBXNativeTarget "capgeminiFacts" */ = {
			isa = XCConfigurationList;
			buildConfigurations = (
				6902061020C5329D00535AFB /* Debug */,
				6902061120C5329D00535AFB /* Release */,
			);
			defaultConfigurationIsVisible = 0;
			defaultConfigurationName = Release;
		};
		6902061220C5329D00535AFB /* Build configuration list for PBXNativeTarget "capgeminiFactsTests" */ = {
			isa = XCConfigurationList;
			buildConfigurations = (
				6902061320C5329D00535AFB /* Debug */,
				6902061420C5329D00535AFB /* Release */,
			);
			defaultConfigurationIsVisible = 0;
			defaultConfigurationName = Release;
		};
		6902061520C5329D00535AFB /* Build configuration list for PBXNativeTarget "capgeminiFactsUITests" */ = {
			isa = XCConfigurationList;
			buildConfigurations = (
				6902061620C5329D00535AFB /* Debug */,
				6902061720C5329D00535AFB /* Release */,
			);
			defaultConfigurationIsVisible = 0;
			defaultConfigurationName = Release;
		};
/* End XCConfigurationList section */
	};
	rootObject = 690205DD20C5329C00535AFB /* Project object */;
}
